
Microsoft Visual Studio Solution File, Format Version 12.00
# Visual Studio Version 17
VisualStudioVersion = 17.0.31825.309
MinimumVisualStudioVersion = 10.0.40219.1
Project("{9A19103F-16F7-4668-BE54-9A1E7A4F7556}") = "01_DataTypes", "DataTypes\01_DataTypes.csproj", "{D5CDD911-23AB-4910-8605-5D51188E907F}"
EndProject
Project("{9A19103F-16F7-4668-BE54-9A1E7A4F7556}") = "02_Operators", "Operators\02_Operators.csproj", "{D98FEA15-CCBB-4933-B157-BAE26BE7FF05}"
EndProject
Project("{9A19103F-16F7-4668-BE54-9A1E7A4F7556}") = "03_IntroToConditionals", "03_IntroToConditionals\03_IntroToConditionals.csproj", "{8D398E5F-BBF5-4313-9D57-B5602D8A1AB5}"
EndProject
Project("{9A19103F-16F7-4668-BE54-9A1E7A4F7556}") = "04_ClassVsInstance", "04_ClassVsInstance\04_ClassVsInstance.csproj", "{1AFC4C9A-A979-4A0B-A263-9C7B39412E59}"
EndProject
Project("{9A19103F-16F7-4668-BE54-9A1E7A4F7556}") = "05_Loops", "05_Loops\05_Loops.csproj", "{39783077-0185-47E2-923E-51AA4E624A32}"
EndProject
Project("{9A19103F-16F7-4668-BE54-9A1E7A4F7556}") = "06_Review", "06_Review\06_Review.csproj", "{2227F785-875E-4349-9177-FDBEE37667E7}"
EndProject
Project("{9A19103F-16F7-4668-BE54-9A1E7A4F7556}") = "07_Arrays", "07_Arrays\07_Arrays.csproj", "{13BF42A3-3CB6-4EEC-8597-BA571E1AC563}"
EndProject
Project("{9A19103F-16F7-4668-BE54-9A1E7A4F7556}") = "SumValueStrings", "SumValueStrings\SumValueStrings.csproj", "{758A8060-7722-4A94-B686-BF8CCF7FAFCE}"
EndProject
Project("{FAE04EC0-301F-11D3-BF4B-00C04F79EFBC}") = "08_DictionariesAndMaps", "08_DictionariesAndMaps\08_DictionariesAndMaps.csproj", "{C5A8B618-40F9-4B85-BEBF-846678B979C6}"
EndProject
Global
	GlobalSection(SolutionConfigurationPlatforms) = preSolution
		Debug|Any CPU = Debug|Any CPU
		Release|Any CPU = Release|Any CPU
	EndGlobalSection
	GlobalSection(ProjectConfigurationPlatforms) = postSolution
		{D5CDD911-23AB-4910-8605-5D51188E907F}.Debug|Any CPU.ActiveCfg = Debug|Any CPU
		{D5CDD911-23AB-4910-8605-5D51188E907F}.Debug|Any CPU.Build.0 = Debug|Any CPU
		{D5CDD911-23AB-4910-8605-5D51188E907F}.Release|Any CPU.ActiveCfg = Release|Any CPU
		{D5CDD911-23AB-4910-8605-5D51188E907F}.Release|Any CPU.Build.0 = Release|Any CPU
		{D98FEA15-CCBB-4933-B157-BAE26BE7FF05}.Debug|Any CPU.ActiveCfg = Debug|Any CPU
		{D98FEA15-CCBB-4933-B157-BAE26BE7FF05}.Debug|Any CPU.Build.0 = Debug|Any CPU
		{D98FEA15-CCBB-4933-B157-BAE26BE7FF05}.Release|Any CPU.ActiveCfg = Release|Any CPU
		{D98FEA15-CCBB-4933-B157-BAE26BE7FF05}.Release|Any CPU.Build.0 = Release|Any CPU
		{8D398E5F-BBF5-4313-9D57-B5602D8A1AB5}.Debug|Any CPU.ActiveCfg = Debug|Any CPU
		{8D398E5F-BBF5-4313-9D57-B5602D8A1AB5}.Debug|Any CPU.Build.0 = Debug|Any CPU
		{8D398E5F-BBF5-4313-9D57-B5602D8A1AB5}.Release|Any CPU.ActiveCfg = Release|Any CPU
		{8D398E5F-BBF5-4313-9D57-B5602D8A1AB5}.Release|Any CPU.Build.0 = Release|Any CPU
		{1AFC4C9A-A979-4A0B-A263-9C7B39412E59}.Debug|Any CPU.ActiveCfg = Debug|Any CPU
		{1AFC4C9A-A979-4A0B-A263-9C7B39412E59}.Debug|Any CPU.Build.0 = Debug|Any CPU
		{1AFC4C9A-A979-4A0B-A263-9C7B39412E59}.Release|Any CPU.ActiveCfg = Release|Any CPU
		{1AFC4C9A-A979-4A0B-A263-9C7B39412E59}.Release|Any CPU.Build.0 = Release|Any CPU
		{39783077-0185-47E2-923E-51AA4E624A32}.Debug|Any CPU.ActiveCfg = Debug|Any CPU
		{39783077-0185-47E2-923E-51AA4E624A32}.Debug|Any CPU.Build.0 = Debug|Any CPU
		{39783077-0185-47E2-923E-51AA4E624A32}.Release|Any CPU.ActiveCfg = Release|Any CPU
		{39783077-0185-47E2-923E-51AA4E624A32}.Release|Any CPU.Build.0 = Release|Any CPU
		{2227F785-875E-4349-9177-FDBEE37667E7}.Debug|Any CPU.ActiveCfg = Debug|Any CPU
		{2227F785-875E-4349-9177-FDBEE37667E7}.Debug|Any CPU.Build.0 = Debug|Any CPU
		{2227F785-875E-4349-9177-FDBEE37667E7}.Release|Any CPU.ActiveCfg = Release|Any CPU
		{2227F785-875E-4349-9177-FDBEE37667E7}.Release|Any CPU.Build.0 = Release|Any CPU
		{13BF42A3-3CB6-4EEC-8597-BA571E1AC563}.Debug|Any CPU.ActiveCfg = Debug|Any CPU
		{13BF42A3-3CB6-4EEC-8597-BA571E1AC563}.Debug|Any CPU.Build.0 = Debug|Any CPU
		{13BF42A3-3CB6-4EEC-8597-BA571E1AC563}.Release|Any CPU.ActiveCfg = Release|Any CPU
		{13BF42A3-3CB6-4EEC-8597-BA571E1AC563}.Release|Any CPU.Build.0 = Release|Any CPU
		{758A8060-7722-4A94-B686-BF8CCF7FAFCE}.Debug|Any CPU.ActiveCfg = Debug|Any CPU
		{758A8060-7722-4A94-B686-BF8CCF7FAFCE}.Debug|Any CPU.Build.0 = Debug|Any CPU
		{758A8060-7722-4A94-B686-BF8CCF7FAFCE}.Release|Any CPU.ActiveCfg = Release|Any CPU
		{758A8060-7722-4A94-B686-BF8CCF7FAFCE}.Release|Any CPU.Build.0 = Release|Any CPU
		{C5A8B618-40F9-4B85-BEBF-846678B979C6}.Debug|Any CPU.ActiveCfg = Debug|Any CPU
		{C5A8B618-40F9-4B85-BEBF-846678B979C6}.Debug|Any CPU.Build.0 = Debug|Any CPU
		{C5A8B618-40F9-4B85-BEBF-846678B979C6}.Release|Any CPU.ActiveCfg = Release|Any CPU
		{C5A8B618-40F9-4B85-BEBF-846678B979C6}.Release|Any CPU.Build.0 = Release|Any CPU
	EndGlobalSection
	GlobalSection(SolutionProperties) = preSolution
		HideSolutionNode = FALSE
	EndGlobalSection
	GlobalSection(ExtensibilityGlobals) = postSolution
		SolutionGuid = {6933234A-C7B9-42C3-92AC-2B819B55712F}
	EndGlobalSection
EndGlobal
